{
  "name": "corbin-backend",
  "lockfileVersion": 3,
  "requires": true,
  "packages": {
    "": {
      "name": "corbin-backend",
      "dependencies": {
        "@xata.io/client": "^0.29.5",
        "@xata.io/kysely": "^0.1.21",
        "argon2": "^0.40.3",
        "hono": "^4.4.2",
        "kysely": "^0.26.1"
      },
      "devDependencies": {
        "@types/bun": "latest"
      },
      "peerDependencies": {
        "typescript": "^5.0.0"
      }
    },
    "node_modules/@phc/format": {
      "version": "1.0.0",
      "resolved": "https://registry.npmjs.org/@phc/format/-/format-1.0.0.tgz",
      "integrity": "sha512-m7X9U6BG2+J+R1lSOdCiITLLrxm+cWlNI3HUFA92oLO77ObGNzaKdh8pMLqdZcshtkKuV84olNNXDfMc4FezBQ==",
      "engines": {
        "node": ">=10"
      }
    },
    "node_modules/@types/bun": {
      "version": "1.0.6",
      "resolved": "https://registry.npmjs.org/@types/bun/-/bun-1.0.6.tgz",
      "integrity": "sha512-RtBfd9vxT4LmgKtENsJeM5j0Kwy+CyIEY8Z99oPdh5SZWjZAIEsNdSCeAO3q3GBiNWXjJ5IIJPjDQdwSeKiRFA==",
      "dev": true,
      "dependencies": {
        "bun-types": "1.0.27"
      }
    },
    "node_modules/@types/node": {
      "version": "20.11.20",
      "resolved": "https://registry.npmjs.org/@types/node/-/node-20.11.20.tgz",
      "integrity": "sha512-7/rR21OS+fq8IyHTgtLkDK949uzsa6n8BkziAKtPVpugIkO6D+/ooXMvzXxDnZrmtXVfjb1bKQafYpb8s89LOg==",
      "dev": true,
      "dependencies": {
        "undici-types": "~5.26.4"
      }
    },
    "node_modules/@types/ws": {
      "version": "8.5.10",
      "resolved": "https://registry.npmjs.org/@types/ws/-/ws-8.5.10.tgz",
      "integrity": "sha512-vmQSUcfalpIq0R9q7uTo2lXs6eGIpt9wtnLdMv9LVpIjCA/+ufZRozlVoVelIYixx1ugCBKDhn89vnsEGOCx9A==",
      "dev": true,
      "dependencies": {
        "@types/node": "*"
      }
    },
    "node_modules/@xata.io/client": {
      "version": "0.29.5",
      "resolved": "https://registry.npmjs.org/@xata.io/client/-/client-0.29.5.tgz",
      "integrity": "sha512-b55dmPVNVFOE5nj2F2G6t9l/d5yYBhIu5X5w3rznhhsriGHkrzn93tqJexIZPS77E7f/yDXcFz06KbvR3bHK5w==",
      "peerDependencies": {
        "typescript": ">=4.5"
      }
    },
    "node_modules/@xata.io/kysely": {
      "version": "0.1.21",
      "resolved": "https://registry.npmjs.org/@xata.io/kysely/-/kysely-0.1.21.tgz",
      "integrity": "sha512-AV4ZtVBUYaD3lz+e6AT1e58fDrCdSI6j8Qj45M/Jt4o8Kj7WavF5bcyQbwyzu4wtuFVJoIcX1tBlhbXofNlKWg==",
      "dependencies": {
        "@xata.io/client": "0.29.5"
      },
      "peerDependencies": {
        "kysely": "^0.26.1"
      }
    },
    "node_modules/argon2": {
      "version": "0.40.3",
      "resolved": "https://registry.npmjs.org/argon2/-/argon2-0.40.3.tgz",
      "integrity": "sha512-FrSmz4VeM91jwFvvjsQv9GYp6o/kARWoYKjbjDB2U5io1H3e5X67PYGclFDeQff6UXIhUd4aHR3mxCdBbMMuQw==",
      "hasInstallScript": true,
      "dependencies": {
        "@phc/format": "^1.0.0",
        "node-addon-api": "^8.0.0",
        "node-gyp-build": "^4.8.0"
      },
      "engines": {
        "node": ">=16.17.0"
      }
    },
    "node_modules/bun-types": {
      "version": "1.0.27",
      "resolved": "https://registry.npmjs.org/bun-types/-/bun-types-1.0.27.tgz",
      "integrity": "sha512-fwaJ3Ey6InD4nAkUd+AwzHDmxGdWWRy/SWh0QQEw7QF/ABnoqSv+iQrA5tIK4TyUyR/V9446G+w53+sOmJOJyA==",
      "dev": true,
      "dependencies": {
        "@types/node": "~20.11.3",
        "@types/ws": "~8.5.10"
      }
    },
    "node_modules/hono": {
      "version": "4.4.2",
      "resolved": "https://registry.npmjs.org/hono/-/hono-4.4.2.tgz",
      "integrity": "sha512-bRhZ+BM9r04lRN2i9wiZ18yQNbZxHsmmRIItoAb43nRkHnIDsFhFh4mJ0seEs06FvenibpAgSVNHQ8ZzcDQx2A==",
      "engines": {
        "node": ">=16.0.0"
      }
    },
    "node_modules/kysely": {
      "version": "0.26.3",
      "resolved": "https://registry.npmjs.org/kysely/-/kysely-0.26.3.tgz",
      "integrity": "sha512-yWSgGi9bY13b/W06DD2OCDDHQmq1kwTGYlQ4wpZkMOJqMGCstVCFIvxCCVG4KfY1/3G0MhDAcZsip/Lw8/vJWw==",
      "engines": {
        "node": ">=14.0.0"
      }
    },
    "node_modules/node-addon-api": {
      "version": "8.0.0",
      "resolved": "https://registry.npmjs.org/node-addon-api/-/node-addon-api-8.0.0.tgz",
      "integrity": "sha512-ipO7rsHEBqa9STO5C5T10fj732ml+5kLN1cAG8/jdHd56ldQeGj3Q7+scUS+VHK/qy1zLEwC4wMK5+yM0btPvw==",
      "engines": {
        "node": "^18 || ^20 || >= 21"
      }
    },
    "node_modules/node-gyp-build": {
      "version": "4.8.1",
      "resolved": "https://registry.npmjs.org/node-gyp-build/-/node-gyp-build-4.8.1.tgz",
      "integrity": "sha512-OSs33Z9yWr148JZcbZd5WiAXhh/n9z8TxQcdMhIOlpN9AhWpLfvVFO73+m77bBABQMaY9XSvIa+qk0jlI7Gcaw==",
      "bin": {
        "node-gyp-build": "bin.js",
        "node-gyp-build-optional": "optional.js",
        "node-gyp-build-test": "build-test.js"
      }
    },
    "node_modules/typescript": {
      "version": "5.3.3",
      "resolved": "https://registry.npmjs.org/typescript/-/typescript-5.3.3.tgz",
      "integrity": "sha512-pXWcraxM0uxAS+tN0AG/BF2TyqmHO014Z070UsJ+pFvYuRSq8KH8DmWpnbXe0pEPDHXZV3FcAbJkijJ5oNEnWw==",
      "peer": true,
      "bin": {
        "tsc": "bin/tsc",
        "tsserver": "bin/tsserver"
      },
      "engines": {
        "node": ">=14.17"
      }
    },
    "node_modules/undici-types": {
      "version": "5.26.5",
      "resolved": "https://registry.npmjs.org/undici-types/-/undici-types-5.26.5.tgz",
      "integrity": "sha512-JlCMO+ehdEIKqlFxk6IfVoAUVmgz7cU7zD/h9XZ0qzeosSHmUJVOzSQvvYSYWXkFXC+IfLKSIffhv0sVZup6pA==",
      "dev": true
    }
  }
}
